// !$*UTF8*$!
{
	archiveVersion = 1;
	classes = {
	};
	objectVersion = 46;
	objects = {

/* Begin PBXBuildFile section */
		07A81E4919586C85006A856B /* AppDelegate.swift in Sources */ = {isa = PBXBuildFile; fileRef = 07A81E4819586C85006A856B /* AppDelegate.swift */; };
		07A81E4B19586C85006A856B /* ViewController.swift in Sources */ = {isa = PBXBuildFile; fileRef = 07A81E4A19586C85006A856B /* ViewController.swift */; };
		07A81E4E19586C85006A856B /* Main.storyboard in Resources */ = {isa = PBXBuildFile; fileRef = 07A81E4C19586C85006A856B /* Main.storyboard */; };
		07A81E5019586C85006A856B /* Images.xcassets in Resources */ = {isa = PBXBuildFile; fileRef = 07A81E4F19586C85006A856B /* Images.xcassets */; };
		07A81E5C19586C85006A856B /* ios_demo3Tests.swift in Sources */ = {isa = PBXBuildFile; fileRef = 07A81E5B19586C85006A856B /* ios_demo3Tests.swift */; };
/* End PBXBuildFile section */

/* Begin PBXContainerItemProxy section */
		07A81E5619586C85006A856B /* PBXContainerItemProxy */ = {
			isa = PBXContainerItemProxy;
			containerPortal = 07A81E3B19586C85006A856B /* Project object */;
			proxyType = 1;
			remoteGlobalIDString = 07A81E4219586C85006A856B;
			remoteInfo = "ios-demo3";
		};
/* End PBXContainerItemProxy section */

/* Begin PBXFileReference section */
		07A81E4319586C85006A856B /* ios-demo3.app */ = {isa = PBXFileReference; explicitFileType = wrapper.application; includeInIndex = 0; path = "ios-demo3.app"; sourceTree = BUILT_PRODUCTS_DIR; };
		07A81E4719586C85006A856B /* Info.plist */ = {isa = PBXFileReference; lastKnownFileType = text.plist.xml; path = Info.plist; sourceTree = "<group>"; };
		07A81E4819586C85006A856B /* AppDelegate.swift */ = {isa = PBXFileReference; lastKnownFileType = sourcecode.swift; path = AppDelegate.swift; sourceTree = "<group>"; };
		07A81E4A19586C85006A856B /* ViewController.swift */ = {isa = PBXFileReference; lastKnownFileType = sourcecode.swift; path = ViewController.swift; sourceTree = "<group>"; };
		07A81E4D19586C85006A856B /* Base */ = {isa = PBXFileReference; lastKnownFileType = file.storyboard; name = Base; path = Base.lproj/Main.storyboard; sourceTree = "<group>"; };
		07A81E4F19586C85006A856B /* Images.xcassets */ = {isa = PBXFileReference; lastKnownFileType = folder.assetcatalog; path = Images.xcassets; sourceTree = "<group>"; };
		07A81E5519586C85006A856B /* ios-demo3Tests.xctest */ = {isa = PBXFileReference; explicitFileType = wrapper.cfbundle; includeInIndex = 0; path = "ios-demo3Tests.xctest"; sourceTree = BUILT_PRODUCTS_DIR; };
		07A81E5A19586C85006A856B /* Info.plist */ = {isa = PBXFileReference; lastKnownFileType = text.plist.xml; path = Info.plist; sourceTree = "<group>"; };
		07A81E5B19586C85006A856B /* ios_demo3Tests.swift */ = {isa = PBXFileReference; lastKnownFileType = sourcecode.swift; path = ios_demo3Tests.swift; sourceTree = "<group>"; };
/* End PBXFileReference section */

/* Begin PBXFrameworksBuildPhase section */
		07A81E4019586C85006A856B /* Frameworks */ = {
			isa = PBXFrameworksBuildPhase;
			buildActionMask = 2147483647;
			files = (
			);
			runOnlyForDeploymentPostprocessing = 0;
		};
		07A81E5219586C85006A856B /* Frameworks */ = {
			isa = PBXFrameworksBuildPhase;
			buildActionMask = 2147483647;
			files = (
			);
			runOnlyForDeploymentPostprocessing = 0;
		};
/* End PBXFrameworksBuildPhase section */

/* Begin PBXGroup section */
		07A81E3A19586C85006A856B = {
			isa = PBXGroup;
			children = (
				07A81E4519586C85006A856B /* ios-demo3 */,
				07A81E5819586C85006A856B /* ios-demo3Tests */,
				07A81E4419586C85006A856B /* Products */,
			);
			sourceTree = "<group>";
		};
		07A81E4419586C85006A856B /* Products */ = {
			isa = PBXGroup;
			children = (
				07A81E4319586C85006A856B /* ios-demo3.app */,
				07A81E5519586C85006A856B /* ios-demo3Tests.xctest */,
			);
			name = Products;
			sourceTree = "<group>";
		};
		07A81E4519586C85006A856B /* ios-demo3 */ = {
			isa = PBXGroup;
			children = (
				07A81E4819586C85006A856B /* AppDelegate.swift */,
				07A81E4A19586C85006A856B /* ViewController.swift */,
				07A81E4C19586C85006A856B /* Main.storyboard */,
				07A81E4F19586C85006A856B /* Images.xcassets */,
				07A81E4619586C85006A856B /* Supporting Files */,
			);
			path = "ios-demo3";
			sourceTree = "<group>";
		};
		07A81E4619586C85006A856B /* Supporting Files */ = {
			isa = PBXGroup;
			children = (
				07A81E4719586C85006A856B /* Info.plist */,
			);
			name = "Supporting Files";
			sourceTree = "<group>";
		};
		07A81E5819586C85006A856B /* ios-demo3Tests */ = {
			isa = PBXGroup;
			children = (
				07A81E5B19586C85006A856B /* ios_demo3Tests.swift */,
				07A81E5919586C85006A856B /* Supporting Files */,
			);
			path = "ios-demo3Tests";
			sourceTree = "<group>";
		};
		07A81E5919586C85006A856B /* Supporting Files */ = {
			isa = PBXGroup;
			children = (
				07A81E5A19586C85006A856B /* Info.plist */,
			);
			name = "Supporting Files";
			sourceTree = "<group>";
		};
/* End PBXGroup section */

/* Begin PBXNativeTarget section */
		07A81E4219586C85006A856B /* ios-demo3 */ = {
			isa = PBXNativeTarget;
			buildConfigurationList = 07A81E5F19586C85006A856B /* Build configuration list for PBXNativeTarget "ios-demo3" */;
			buildPhases = (
				07A81E3F19586C85006A856B /* Sources */,
				07A81E4019586C85006A856B /* Frameworks */,
				07A81E4119586C85006A856B /* Resources */,
			);
			buildRules = (
			);
			dependencies = (
			);
			name = "ios-demo3";
			productName = "ios-demo3";
			productReference = 07A81E4319586C85006A856B /* ios-demo3.app */;
			productType = "com.apple.product-type.application";
		};
		07A81E5419586C85006A856B /* ios-demo3Tests */ = {
			isa = PBXNativeTarget;
			buildConfigurationList = 07A81E6219586C85006A856B /* Build configuration list for PBXNativeTarget "ios-demo3Tests" */;
			buildPhases = (
				07A81E5119586C85006A856B /* Sources */,
				07A81E5219586C85006A856B /* Frameworks */,
				07A81E5319586C85006A856B /* Resources */,
			);
			buildRules = (
			);
			dependencies = (
				07A81E5719586C85006A856B /* PBXTargetDependency */,
			);
			name = "ios-demo3Tests";
			productName = "ios-demo3Tests";
			productReference = 07A81E5519586C85006A856B /* ios-demo3Tests.xctest */;
			productType = "com.apple.product-type.bundle.unit-test";
		};
/* End PBXNativeTarget section */

/* Begin PBXProject section */
		07A81E3B19586C85006A856B /* Project object */ = {
			isa = PBXProject;
			attributes = {
				LastUpgradeCheck = 0600;
				ORGANIZATIONNAME = "王浩";
				TargetAttributes = {
					07A81E4219586C85006A856B = {
						CreatedOnToolsVersion = 6.0;
					};
					07A81E5419586C85006A856B = {
						CreatedOnToolsVersion = 6.0;
						TestTargetID = 07A81E4219586C85006A856B;
					};
				};
			};
			buildConfigurationList = 07A81E3E19586C85006A856B /* Build configuration list for PBXProject "ios-demo3" */;
			compatibilityVersion = "Xcode 3.2";
			developmentRegion = English;
			hasScannedForEncodings = 0;
			knownRegions = (
				en,
				Base,
			);
			mainGroup = 07A81E3A19586C85006A856B;
			productRefGroup = 07A81E4419586C85006A856B /* Products */;
			projectDirPath = "";
			projectRoot = "";
			targets = (
				07A81E4219586C85006A856B /* ios-demo3 */,
				07A81E5419586C85006A856B /* ios-demo3Tests */,
			);
		};
/* End PBXProject section */

/* Begin PBXResourcesBuildPhase section */
		07A81E4119586C85006A856B /* Resources */ = {
			isa = PBXResourcesBuildPhase;
			buildActionMask = 2147483647;
			files = (
				07A81E4E19586C85006A856B /* Main.storyboard in Resources */,
				07A81E5019586C85006A856B /* Images.xcassets in Resources */,
			);
			runOnlyForDeploymentPostprocessing = 0;
		};
		07A81E5319586C85006A856B /* Resources */ = {
			isa = PBXResourcesBuildPhase;
			buildActionMask = 2147483647;
			files = (
			);
			runOnlyForDeploymentPostprocessing = 0;
		};
/* End PBXResourcesBuildPhase section */

/* Begin PBXSourcesBuildPhase section */
		07A81E3F19586C85006A856B /* Sources */ = {
			isa = PBXSourcesBuildPhase;
			buildActionMask = 2147483647;
			files = (
				07A81E4B19586C85006A856B /* ViewController.swift in Sources */,
				07A81E4919586C85006A856B /* AppDelegate.swift in Sources */,
			);
			runOnlyForDeploymentPostprocessing = 0;
		};
		07A81E5119586C85006A856B /* Sources */ = {
			isa = PBXSourcesBuildPhase;
			buildActionMask = 2147483647;
			files = (
				07A81E5C19586C85006A856B /* ios_demo3Tests.swift in Sources */,
			);
			runOnlyForDeploymentPostprocessing = 0;
		};
/* End PBXSourcesBuildPhase section */

/* Begin PBXTargetDependency section */
		07A81E5719586C85006A856B /* PBXTargetDependency */ = {
			isa = PBXTargetDependency;
			target = 07A81E4219586C85006A856B /* ios-demo3 */;
			targetProxy = 07A81E5619586C85006A856B /* PBXContainerItemProxy */;
		};
/* End PBXTargetDependency section */

/* Begin PBXVariantGroup section */
		07A81E4C19586C85006A856B /* Main.storyboard */ = {
			isa = PBXVariantGroup;
			children = (
				07A81E4D19586C85006A856B /* Base */,
			);
			name = Main.storyboard;
			sourceTree = "<group>";
		};
/* End PBXVariantGroup section */

/* Begin XCBuildConfiguration section */
		07A81E5D19586C85006A856B /* Debug */ = {
			isa = XCBuildConfiguration;
			buildSettings = {
				ALWAYS_SEARCH_USER_PATHS = NO;
				CLANG_CXX_LANGUAGE_STANDARD = "gnu++0x";
				CLANG_CXX_LIBRARY = "libc++";
				CLANG_ENABLE_MODULES = YES;
				CLANG_ENABLE_OBJC_ARC = YES;
				CLANG_WARN_BOOL_CONVERSION = YES;
				CLANG_WARN_CONSTANT_CONVERSION = YES;
				CLANG_WARN_DIRECT_OBJC_ISA_USAGE = YES_ERROR;
				CLANG_WARN_EMPTY_BODY = YES;
				CLANG_WARN_ENUM_CONVERSION = YES;
				CLANG_WARN_INT_CONVERSION = YES;
				CLANG_WARN_OBJC_ROOT_CLASS = YES_ERROR;
				CLANG_WARN_UNREACHABLE_CODE = YES;
				CLANG_WARN__DUPLICATE_METHOD_MATCH = YES;
				"CODE_SIGN_IDENTITY[sdk=iphoneos*]" = "iPhone Developer";
				COPY_PHASE_STRIP = NO;
				ENABLE_STRICT_OBJC_MSGSEND = YES;
				GCC_C_LANGUAGE_STANDARD = gnu99;
				GCC_DYNAMIC_NO_PIC = NO;
				GCC_OPTIMIZATION_LEVEL = 0;
				GCC_PREPROCESSOR_DEFINITIONS = (
					"DEBUG=1",
					"$(inherited)",
				);
				GCC_SYMBOLS_PRIVATE_EXTERN = NO;
				GCC_WARN_64_TO_32_BIT_CONVERSION = YES;
				GCC_WARN_ABOUT_RETURN_TYPE = YES_ERROR;
				GCC_WARN_UNDECLARED_SELECTOR = YES;
				GCC_WARN_UNINITIALIZED_AUTOS = YES_AGGRESSIVE;
				GCC_WARN_UNUSED_FUNCTION = YES;
				GCC_WARN_UNUSED_VARIABLE = YES;
				IPHONEOS_DEPLOYMENT_TARGET = 8.0;
				METAL_ENABLE_DEBUG_INFO = YES;
				ONLY_ACTIVE_ARCH = YES;
				SDKROOT = iphoneos;
				SWIFT_OPTIMIZATION_LEVEL = "-Onone";
			};
			name = Debug;
		};
		07A81E5E19586C85006A856B /* Release */ = {
			isa = XCBuildConfiguration;
			buildSettings = {
				ALWAYS_SEARCH_USER_PATHS = NO;
				CLANG_CXX_LANGUAGE_STANDARD = "gnu++0x";
				CLANG_CXX_LIBRARY = "libc++";
				CLANG_ENABLE_MODULES = YES;
				CLANG_ENABLE_OBJC_ARC = YES;
				CLANG_WARN_BOOL_CONVERSION = YES;
				CLANG_WARN_CONSTANT_CONVERSION = YES;
				CLANG_WARN_DIRECT_OBJC_ISA_USAGE = YES_ERROR;
				CLANG_WARN_EMPTY_BODY = YES;
				CLANG_WARN_ENUM_CONVERSION = YES;
				CLANG_WARN_INT_CONVERSION = YES;
				CLANG_WARN_OBJC_ROOT_CLASS = YES_ERROR;
				CLANG_WARN_UNREACHABLE_CODE = YES;
				CLANG_WARN__DUPLICATE_METHOD_MATCH = YES;
				"CODE_SIGN_IDENTITY[sdk=iphoneos*]" = "iPhone Developer";
				COPY_PHASE_STRIP = YES;
				ENABLE_NS_ASSERTIONS = NO;
				ENABLE_STRICT_OBJC_MSGSEND = YES;
				GCC_C_LANGUAGE_STANDARD = gnu99;
				GCC_WARN_64_TO_32_BIT_CONVERSION = YES;
				GCC_WARN_ABOUT_RETURN_TYPE = YES_ERROR;
				GCC_WARN_UNDECLARED_SELECTOR = YES;
				GCC_WARN_UNINITIALIZED_AUTOS = YES_AGGRESSIVE;
				GCC_WARN_UNUSED_FUNCTION = YES;
				GCC_WARN_UNUSED_VARIABLE = YES;
				IPHONEOS_DEPLOYMENT_TARGET = 8.0;
				METAL_ENABLE_DEBUG_INFO = NO;
				SDKROOT = iphoneos;
				VALIDATE_PRODUCT = YES;
			};
			name = Release;
		};
		07A81E6019586C85006A856B /* Debug */ = {
			isa = XCBuildConfiguration;
			buildSettings = {
				ASSETCATALOG_COMPILER_APPICON_NAME = AppIcon;
				ASSETCATALOG_COMPILER_LAUNCHIMAGE_NAME = LaunchImage;
				INFOPLIST_FILE = "ios-demo3/Info.plist";
				LD_RUNPATH_SEARCH_PATHS = "$(inherited) @executable_path/Frameworks";
				PRODUCT_NAME = "$(TARGET_NAME)";
			};
			name = Debug;
		};
		07A81E6119586C85006A856B /* Release */ = {
			isa = XCBuildConfiguration;
			buildSettings = {
				ASSETCATALOG_COMPILER_APPICON_NAME = AppIcon;
				ASSETCATALOG_COMPILER_LAUNCHIMAGE_NAME = LaunchImage;
				INFOPLIST_FILE = "ios-demo3/Info.plist";
				LD_RUNPATH_SEARCH_PATHS = "$(inherited) @executable_path/Frameworks";
				PRODUCT_NAME = "$(TARGET_NAME)";
			};
			name = Release;
		};
		07A81E6319586C85006A856B /* Debug */ = {
			isa = XCBuildConfiguration;
			buildSettings = {
				BUNDLE_LOADER = "$(BUILT_PRODUCTS_DIR)/ios-demo3.app/ios-demo3";
				FRAMEWORK_SEARCH_PATHS = (
					"$(SDKROOT)/Developer/Library/Frameworks",
					"$(inherited)",
				);
				GCC_PREPROCESSOR_DEFINITIONS = (
					"DEBUG=1",
					"$(inherited)",
				);
				INFOPLIST_FILE = "ios-demo3Tests/Info.plist";
				LD_RUNPATH_SEARCH_PATHS = "$(inherited) @executable_path/Frameworks @loader_path/Frameworks";
				METAL_ENABLE_DEBUG_INFO = YES;
				PRODUCT_NAME = "$(TARGET_NAME)";
				TEST_HOST = "$(BUNDLE_LOADER)";
			};
			name = Debug;
		};
		07A81E6419586C85006A856B /* Release */ = {
			isa = XCBuildConfiguration;
			buildSettings = {
				BUNDLE_LOADER = "$(BUILT_PRODUCTS_DIR)/ios-demo3.app/ios-demo3";
				FRAMEWORK_SEARCH_PATHS = (
					"$(SDKROOT)/Developer/Library/Frameworks",
					"$(inherited)",
				);
				INFOPLIST_FILE = "ios-demo3Tests/Info.plist";
				LD_RUNPATH_SEARCH_PATHS = "$(inherited) @executable_path/Frameworks @loader_path/Frameworks";
				METAL_ENABLE_DEBUG_INFO = NO;
				PRODUCT_NAME = "$(TARGET_NAME)";
				TEST_HOST = "$(BUNDLE_LOADER)";
			};
			name = Release;
		};
/* End XCBuildConfiguration section */

/* Begin XCConfigurationList section */
		07A81E3E19586C85006A856B /* Build configuration list for PBXProject "ios-demo3" */ = {
			isa = XCConfigurationList;
			buildConfigurations = (
				07A81E5D19586C85006A856B /* Debug */,
				07A81E5E19586C85006A856B /* Release */,
			);
			defaultConfigurationIsVisible = 0;
			defaultConfigurationName = Release;
		};
		07A81E5F19586C85006A856B /* Build configuration list for PBXNativeTarget "ios-demo3" */ = {
			isa = XCConfigurationList;
			buildConfigurations = (
				07A81E6019586C85006A856B /* Debug */,
				07A81E6119586C85006A856B /* Release */,
			);
			defaultConfigurationIsVisible = 0;
		};
		07A81E6219586C85006A856B /* Build configuration list for PBXNativeTarget "ios-demo3Tests" */ = {
			isa = XCConfigurationList;
			buildConfigurations = (
				07A81E6319586C85006A856B /* Debug */,
				07A81E6419586C85006A856B /* Release */,
			);
			defaultConfigurationIsVisible = 0;
		};
/* End XCConfigurationList section */
	};
	rootObject = 07A81E3B19586C85006A856B /* Project object */;
}
